
Microsoft Visual Studio Solution File, Format Version 12.00
# Visual Studio Version 17
VisualStudioVersion = 17.8.34330.188
MinimumVisualStudioVersion = 10.0.40219.1
Project("{FAE04EC0-301F-11D3-BF4B-00C04F79EFBC}") = "MyStore", "MyStore.csproj", "{121D8E34-DAD4-459A-8D6E-EDA92A6AFB1C}"
EndProject
Global
	GlobalSection(SolutionConfigurationPlatforms) = preSolution
		Debug|Any CPU = Debug|Any CPU
		Release|Any CPU = Release|Any CPU
	EndGlobalSection
	GlobalSection(ProjectConfigurationPlatforms) = postSolution
		{121D8E34-DAD4-459A-8D6E-EDA92A6AFB1C}.Debug|Any CPU.ActiveCfg = Debug|Any CPU
		{121D8E34-DAD4-459A-8D6E-EDA92A6AFB1C}.Debug|Any CPU.Build.0 = Debug|Any CPU
		{121D8E34-DAD4-459A-8D6E-EDA92A6AFB1C}.Release|Any CPU.ActiveCfg = Release|Any CPU
		{121D8E34-DAD4-459A-8D6E-EDA92A6AFB1C}.Release|Any CPU.Build.0 = Release|Any CPU
	EndGlobalSection
	GlobalSection(SolutionProperties) = preSolution
		HideSolutionNode = FALSE
	EndGlobalSection
	GlobalSection(ExtensibilityGlobals) = postSolution
		SolutionGuid = {C861D830-9E3B-4E86-8DCB-745140D651D6}
	EndGlobalSection
EndGlobal
